
Microsoft Visual Studio Solution File, Format Version 12.00
# Visual Studio Version 17
VisualStudioVersion = 17.3.32901.215
MinimumVisualStudioVersion = 10.0.40219.1
Project("{FAE04EC0-301F-11D3-BF4B-00C04F79EFBC}") = "WindowsFormsMVVMDemo", "WindowsFormsMVVMDemo\WindowsFormsMVVMDemo.csproj", "{6BA6DACB-23D5-41A7-890E-B9A581A1E781}"
EndProject
Global
	GlobalSection(SolutionConfigurationPlatforms) = preSolution
		Debug|Any CPU = Debug|Any CPU
		Release|Any CPU = Release|Any CPU
	EndGlobalSection
	GlobalSection(ProjectConfigurationPlatforms) = postSolution
		{6BA6DACB-23D5-41A7-890E-B9A581A1E781}.Debug|Any CPU.ActiveCfg = Debug|Any CPU
		{6BA6DACB-23D5-41A7-890E-B9A581A1E781}.Debug|Any CPU.Build.0 = Debug|Any CPU
		{6BA6DACB-23D5-41A7-890E-B9A581A1E781}.Release|Any CPU.ActiveCfg = Release|Any CPU
		{6BA6DACB-23D5-41A7-890E-B9A581A1E781}.Release|Any CPU.Build.0 = Release|Any CPU
	EndGlobalSection
	GlobalSection(SolutionProperties) = preSolution
		HideSolutionNode = FALSE
	EndGlobalSection
	GlobalSection(ExtensibilityGlobals) = postSolution
		SolutionGuid = {105A825B-5875-4859-BAB2-59ACB50A2EC4}
	EndGlobalSection
EndGlobal
